
Microsoft Visual Studio Solution File, Format Version 12.00
Project("{FAE04EC0-301F-11D3-BF4B-00C04F79EFBC}") = "DungeonExplorer", "DungeonExplorer\DungeonExplorer.csproj", "{FAB6C2D3-D158-459B-ABF8-4C0C3BC67F21}"
EndProject
Global
	GlobalSection(SolutionConfigurationPlatforms) = preSolution
		Debug|Any CPU = Debug|Any CPU
		Release|Any CPU = Release|Any CPU
	EndGlobalSection
	GlobalSection(ProjectConfigurationPlatforms) = postSolution
		{FAB6C2D3-D158-459B-ABF8-4C0C3BC67F21}.Debug|Any CPU.ActiveCfg = Debug|Any CPU
		{FAB6C2D3-D158-459B-ABF8-4C0C3BC67F21}.Debug|Any CPU.Build.0 = Debug|Any CPU
		{FAB6C2D3-D158-459B-ABF8-4C0C3BC67F21}.Release|Any CPU.ActiveCfg = Release|Any CPU
		{FAB6C2D3-D158-459B-ABF8-4C0C3BC67F21}.Release|Any CPU.Build.0 = Release|Any CPU
	EndGlobalSection
EndGlobal
